
Microsoft Visual Studio Solution File, Format Version 12.00
# Visual Studio 2013
VisualStudioVersion = 12.0.21005.1
MinimumVisualStudioVersion = 10.0.40219.1
Project("{8BC9CEB8-8B4A-11D0-8D11-00A0C91BC942}") = "SMDebugger.Msg", "SMDebugger.Msg\SMDebugger.Msg.vcxproj", "{F7B83E29-67A6-4822-8412-5797DB87EEFA}"
EndProject
Project("{8BC9CEB8-8B4A-11D0-8D11-00A0C91BC942}") = "Debugger.Core", "Debugger.Core\Debugger.Core.vcxproj", "{7450E998-FF74-42D8-BF7C-5436D853E4B4}"
EndProject
Global
	GlobalSection(SolutionConfigurationPlatforms) = preSolution
		Debug|Win32 = Debug|Win32
		Release|Win32 = Release|Win32
	EndGlobalSection
	GlobalSection(ProjectConfigurationPlatforms) = postSolution
		{F7B83E29-67A6-4822-8412-5797DB87EEFA}.Debug|Win32.ActiveCfg = Debug|Win32
		{F7B83E29-67A6-4822-8412-5797DB87EEFA}.Debug|Win32.Build.0 = Debug|Win32
		{F7B83E29-67A6-4822-8412-5797DB87EEFA}.Release|Win32.ActiveCfg = Release|Win32
		{F7B83E29-67A6-4822-8412-5797DB87EEFA}.Release|Win32.Build.0 = Release|Win32
		{7450E998-FF74-42D8-BF7C-5436D853E4B4}.Debug|Win32.ActiveCfg = Debug|Win32
		{7450E998-FF74-42D8-BF7C-5436D853E4B4}.Debug|Win32.Build.0 = Debug|Win32
		{7450E998-FF74-42D8-BF7C-5436D853E4B4}.Release|Win32.ActiveCfg = Release|Win32
		{7450E998-FF74-42D8-BF7C-5436D853E4B4}.Release|Win32.Build.0 = Release|Win32
	EndGlobalSection
	GlobalSection(SolutionProperties) = preSolution
		HideSolutionNode = FALSE
	EndGlobalSection
EndGlobal
